// !$*UTF8*$!
{
	archiveVersion = 1;
	classes = {
	};
	objectVersion = 55;
	objects = {

/* Begin PBXBuildFile section */
		BEA984D028AC009B00631174 /* AppDelegate.swift in Sources */ = {isa = PBXBuildFile; fileRef = BEA984CF28AC009B00631174 /* AppDelegate.swift */; };
		BEA984D228AC009B00631174 /* SceneDelegate.swift in Sources */ = {isa = PBXBuildFile; fileRef = BEA984D128AC009B00631174 /* SceneDelegate.swift */; };
		BEA984D428AC009B00631174 /* ViewController.swift in Sources */ = {isa = PBXBuildFile; fileRef = BEA984D328AC009B00631174 /* ViewController.swift */; };
		BEA984D728AC009B00631174 /* Main.storyboard in Resources */ = {isa = PBXBuildFile; fileRef = BEA984D528AC009B00631174 /* Main.storyboard */; };
		BEA984DA28AC009B00631174 /* Jep.xcdatamodeld in Sources */ = {isa = PBXBuildFile; fileRef = BEA984D828AC009B00631174 /* Jep.xcdatamodeld */; };
		BEA984DC28AC009B00631174 /* Assets.xcassets in Resources */ = {isa = PBXBuildFile; fileRef = BEA984DB28AC009B00631174 /* Assets.xcassets */; };
		BEA984DF28AC009B00631174 /* LaunchScreen.storyboard in Resources */ = {isa = PBXBuildFile; fileRef = BEA984DD28AC009B00631174 /* LaunchScreen.storyboard */; };
		BEA984E828AC0DBD00631174 /* Localizable.strings in Resources */ = {isa = PBXBuildFile; fileRef = BEA984EA28AC0DBD00631174 /* Localizable.strings */; };
		BEA984F028AC2F9700631174 /* QuestionButton.swift in Sources */ = {isa = PBXBuildFile; fileRef = BEA984EF28AC2F9700631174 /* QuestionButton.swift */; };
		BEA984F428AC50E800631174 /* QuestionLabel.swift in Sources */ = {isa = PBXBuildFile; fileRef = BEA984F328AC50E800631174 /* QuestionLabel.swift */; };
		BEA984F828AC608B00631174 /* QuestionItem.swift in Sources */ = {isa = PBXBuildFile; fileRef = BEA984F728AC608B00631174 /* QuestionItem.swift */; };
		BEA984FF28AC754F00631174 /* Model.swift in Sources */ = {isa = PBXBuildFile; fileRef = BEA984FE28AC754F00631174 /* Model.swift */; };
/* End PBXBuildFile section */

/* Begin PBXFileReference section */
		BEA984CC28AC009B00631174 /* Jep.app */ = {isa = PBXFileReference; explicitFileType = wrapper.application; includeInIndex = 0; path = Jep.app; sourceTree = BUILT_PRODUCTS_DIR; };
		BEA984CF28AC009B00631174 /* AppDelegate.swift */ = {isa = PBXFileReference; lastKnownFileType = sourcecode.swift; path = AppDelegate.swift; sourceTree = "<group>"; };
		BEA984D128AC009B00631174 /* SceneDelegate.swift */ = {isa = PBXFileReference; lastKnownFileType = sourcecode.swift; path = SceneDelegate.swift; sourceTree = "<group>"; };
		BEA984D328AC009B00631174 /* ViewController.swift */ = {isa = PBXFileReference; lastKnownFileType = sourcecode.swift; path = ViewController.swift; sourceTree = "<group>"; };
		BEA984D628AC009B00631174 /* Base */ = {isa = PBXFileReference; lastKnownFileType = file.storyboard; name = Base; path = Base.lproj/Main.storyboard; sourceTree = "<group>"; };
		BEA984D928AC009B00631174 /* Jep.xcdatamodel */ = {isa = PBXFileReference; lastKnownFileType = wrapper.xcdatamodel; path = Jep.xcdatamodel; sourceTree = "<group>"; };
		BEA984DB28AC009B00631174 /* Assets.xcassets */ = {isa = PBXFileReference; lastKnownFileType = folder.assetcatalog; path = Assets.xcassets; sourceTree = "<group>"; };
		BEA984DE28AC009B00631174 /* Base */ = {isa = PBXFileReference; lastKnownFileType = file.storyboard; name = Base; path = Base.lproj/LaunchScreen.storyboard; sourceTree = "<group>"; };
		BEA984E028AC009B00631174 /* Info.plist */ = {isa = PBXFileReference; lastKnownFileType = text.plist.xml; path = Info.plist; sourceTree = "<group>"; };
		BEA984E928AC0DBD00631174 /* en */ = {isa = PBXFileReference; lastKnownFileType = text.plist.strings; name = en; path = en.lproj/Localizable.strings; sourceTree = "<group>"; };
		BEA984EB28AC1EF600631174 /* es */ = {isa = PBXFileReference; lastKnownFileType = text.plist.strings; name = es; path = es.lproj/Main.strings; sourceTree = "<group>"; };
		BEA984EC28AC1EF600631174 /* es */ = {isa = PBXFileReference; lastKnownFileType = text.plist.strings; name = es; path = es.lproj/LaunchScreen.strings; sourceTree = "<group>"; };
		BEA984ED28AC1EF600631174 /* es */ = {isa = PBXFileReference; lastKnownFileType = text.plist.strings; name = es; path = es.lproj/Localizable.strings; sourceTree = "<group>"; };
		BEA984EF28AC2F9700631174 /* QuestionButton.swift */ = {isa = PBXFileReference; lastKnownFileType = sourcecode.swift; path = QuestionButton.swift; sourceTree = "<group>"; };
		BEA984F228AC4D2900631174 /* en */ = {isa = PBXFileReference; lastKnownFileType = text.plist.strings; name = en; path = en.lproj/Main.strings; sourceTree = "<group>"; };
		BEA984F328AC50E800631174 /* QuestionLabel.swift */ = {isa = PBXFileReference; lastKnownFileType = sourcecode.swift; path = QuestionLabel.swift; sourceTree = "<group>"; };
		BEA984F728AC608B00631174 /* QuestionItem.swift */ = {isa = PBXFileReference; lastKnownFileType = sourcecode.swift; path = QuestionItem.swift; sourceTree = "<group>"; };
		BEA984FE28AC754F00631174 /* Model.swift */ = {isa = PBXFileReference; lastKnownFileType = sourcecode.swift; path = Model.swift; sourceTree = "<group>"; };
		BEA9850128AD666B00631174 /* jeopardy.json */ = {isa = PBXFileReference; lastKnownFileType = text.json; name = jeopardy.json; path = ../../../Downloads/jeopardy.json; sourceTree = "<group>"; };
/* End PBXFileReference section */

/* Begin PBXFrameworksBuildPhase section */
		BEA984C928AC009B00631174 /* Frameworks */ = {
			isa = PBXFrameworksBuildPhase;
			buildActionMask = 2147483647;
			files = (
			);
			runOnlyForDeploymentPostprocessing = 0;
		};
/* End PBXFrameworksBuildPhase section */

/* Begin PBXGroup section */
		BEA984C328AC009B00631174 = {
			isa = PBXGroup;
			children = (
				BEA984CE28AC009B00631174 /* Jep */,
				BEA984CD28AC009B00631174 /* Products */,
			);
			sourceTree = "<group>";
		};
		BEA984CD28AC009B00631174 /* Products */ = {
			isa = PBXGroup;
			children = (
				BEA984CC28AC009B00631174 /* Jep.app */,
			);
			name = Products;
			sourceTree = "<group>";
		};
		BEA984CE28AC009B00631174 /* Jep */ = {
			isa = PBXGroup;
			children = (
				BEA984DD28AC009B00631174 /* LaunchScreen.storyboard */,
				BEA9850128AD666B00631174 /* jeopardy.json */,
				BEA984D528AC009B00631174 /* Main.storyboard */,
				BEA984D328AC009B00631174 /* ViewController.swift */,
				BEA984CF28AC009B00631174 /* AppDelegate.swift */,
				BEA984D128AC009B00631174 /* SceneDelegate.swift */,
				BEA984EE28AC2F6D00631174 /* Supporting Files */,
				BEA984DB28AC009B00631174 /* Assets.xcassets */,
				BEA984E028AC009B00631174 /* Info.plist */,
				BEA984D828AC009B00631174 /* Jep.xcdatamodeld */,
				BEA984EA28AC0DBD00631174 /* Localizable.strings */,
			);
			path = Jep;
			sourceTree = "<group>";
		};
		BEA984EE28AC2F6D00631174 /* Supporting Files */ = {
			isa = PBXGroup;
			children = (
				BEA984EF28AC2F9700631174 /* QuestionButton.swift */,
				BEA984F728AC608B00631174 /* QuestionItem.swift */,
				BEA984F328AC50E800631174 /* QuestionLabel.swift */,
				BEA984FE28AC754F00631174 /* Model.swift */,
			);
			path = "Supporting Files";
			sourceTree = "<group>";
		};
/* End PBXGroup section */

/* Begin PBXNativeTarget section */
		BEA984CB28AC009B00631174 /* Jep */ = {
			isa = PBXNativeTarget;
			buildConfigurationList = BEA984E328AC009B00631174 /* Build configuration list for PBXNativeTarget "Jep" */;
			buildPhases = (
				BEA984C828AC009B00631174 /* Sources */,
				BEA984C928AC009B00631174 /* Frameworks */,
				BEA984CA28AC009B00631174 /* Resources */,
			);
			buildRules = (
			);
			dependencies = (
			);
			name = Jep;
			productName = Jep;
			productReference = BEA984CC28AC009B00631174 /* Jep.app */;
			productType = "com.apple.product-type.application";
		};
/* End PBXNativeTarget section */

/* Begin PBXProject section */
		BEA984C428AC009B00631174 /* Project object */ = {
			isa = PBXProject;
			attributes = {
				BuildIndependentTargetsInParallel = 1;
				LastSwiftUpdateCheck = 1340;
				LastUpgradeCheck = 1340;
				TargetAttributes = {
					BEA984CB28AC009B00631174 = {
						CreatedOnToolsVersion = 13.4.1;
					};
				};
			};
			buildConfigurationList = BEA984C728AC009B00631174 /* Build configuration list for PBXProject "Jep" */;
			compatibilityVersion = "Xcode 13.0";
			developmentRegion = en;
			hasScannedForEncodings = 0;
			knownRegions = (
				en,
				Base,
				es,
			);
			mainGroup = BEA984C328AC009B00631174;
			productRefGroup = BEA984CD28AC009B00631174 /* Products */;
			projectDirPath = "";
			projectRoot = "";
			targets = (
				BEA984CB28AC009B00631174 /* Jep */,
			);
		};
/* End PBXProject section */

/* Begin PBXResourcesBuildPhase section */
		BEA984CA28AC009B00631174 /* Resources */ = {
			isa = PBXResourcesBuildPhase;
			buildActionMask = 2147483647;
			files = (
				BEA984DF28AC009B00631174 /* LaunchScreen.storyboard in Resources */,
				BEA984E828AC0DBD00631174 /* Localizable.strings in Resources */,
				BEA984DC28AC009B00631174 /* Assets.xcassets in Resources */,
				BEA984D728AC009B00631174 /* Main.storyboard in Resources */,
			);
			runOnlyForDeploymentPostprocessing = 0;
		};
/* End PBXResourcesBuildPhase section */

/* Begin PBXSourcesBuildPhase section */
		BEA984C828AC009B00631174 /* Sources */ = {
			isa = PBXSourcesBuildPhase;
			buildActionMask = 2147483647;
			files = (
				BEA984F028AC2F9700631174 /* QuestionButton.swift in Sources */,
				BEA984D428AC009B00631174 /* ViewController.swift in Sources */,
				BEA984F428AC50E800631174 /* QuestionLabel.swift in Sources */,
				BEA984F828AC608B00631174 /* QuestionItem.swift in Sources */,
				BEA984D028AC009B00631174 /* AppDelegate.swift in Sources */,
				BEA984D228AC009B00631174 /* SceneDelegate.swift in Sources */,
				BEA984DA28AC009B00631174 /* Jep.xcdatamodeld in Sources */,
				BEA984FF28AC754F00631174 /* Model.swift in Sources */,
			);
			runOnlyForDeploymentPostprocessing = 0;
		};
/* End PBXSourcesBuildPhase section */

/* Begin PBXVariantGroup section */
		BEA984D528AC009B00631174 /* Main.storyboard */ = {
			isa = PBXVariantGroup;
			children = (
				BEA984D628AC009B00631174 /* Base */,
				BEA984EB28AC1EF600631174 /* es */,
				BEA984F228AC4D2900631174 /* en */,
			);
			name = Main.storyboard;
			sourceTree = "<group>";
		};
		BEA984DD28AC009B00631174 /* LaunchScreen.storyboard */ = {
			isa = PBXVariantGroup;
			children = (
				BEA984DE28AC009B00631174 /* Base */,
				BEA984EC28AC1EF600631174 /* es */,
			);
			name = LaunchScreen.storyboard;
			sourceTree = "<group>";
		};
		BEA984EA28AC0DBD00631174 /* Localizable.strings */ = {
			isa = PBXVariantGroup;
			children = (
				BEA984E928AC0DBD00631174 /* en */,
				BEA984ED28AC1EF600631174 /* es */,
			);
			name = Localizable.strings;
			sourceTree = "<group>";
		};
/* End PBXVariantGroup section */

/* Begin XCBuildConfiguration section */
		BEA984E128AC009B00631174 /* Debug */ = {
			isa = XCBuildConfiguration;
			buildSettings = {
				ALWAYS_SEARCH_USER_PATHS = NO;
				CLANG_ANALYZER_LOCALIZABILITY_NONLOCALIZED = YES;
				CLANG_ANALYZER_NONNULL = YES;
				CLANG_ANALYZER_NUMBER_OBJECT_CONVERSION = YES_AGGRESSIVE;
				CLANG_CXX_LANGUAGE_STANDARD = "gnu++17";
				CLANG_ENABLE_MODULES = YES;
				CLANG_ENABLE_OBJC_ARC = YES;
				CLANG_ENABLE_OBJC_WEAK = YES;
				CLANG_WARN_BLOCK_CAPTURE_AUTORELEASING = YES;
				CLANG_WARN_BOOL_CONVERSION = YES;
				CLANG_WARN_COMMA = YES;
				CLANG_WARN_CONSTANT_CONVERSION = YES;
				CLANG_WARN_DEPRECATED_OBJC_IMPLEMENTATIONS = YES;
				CLANG_WARN_DIRECT_OBJC_ISA_USAGE = YES_ERROR;
				CLANG_WARN_DOCUMENTATION_COMMENTS = YES;
				CLANG_WARN_EMPTY_BODY = YES;
				CLANG_WARN_ENUM_CONVERSION = YES;
				CLANG_WARN_INFINITE_RECURSION = YES;
				CLANG_WARN_INT_CONVERSION = YES;
				CLANG_WARN_NON_LITERAL_NULL_CONVERSION = YES;
				CLANG_WARN_OBJC_IMPLICIT_RETAIN_SELF = YES;
				CLANG_WARN_OBJC_LITERAL_CONVERSION = YES;
				CLANG_WARN_OBJC_ROOT_CLASS = YES_ERROR;
				CLANG_WARN_QUOTED_INCLUDE_IN_FRAMEWORK_HEADER = YES;
				CLANG_WARN_RANGE_LOOP_ANALYSIS = YES;
				CLANG_WARN_STRICT_PROTOTYPES = YES;
				CLANG_WARN_SUSPICIOUS_MOVE = YES;
				CLANG_WARN_UNGUARDED_AVAILABILITY = YES_AGGRESSIVE;
				CLANG_WARN_UNREACHABLE_CODE = YES;
				CLANG_WARN__DUPLICATE_METHOD_MATCH = YES;
				COPY_PHASE_STRIP = NO;
				DEBUG_INFORMATION_FORMAT = dwarf;
				ENABLE_STRICT_OBJC_MSGSEND = YES;
				ENABLE_TESTABILITY = YES;
				GCC_C_LANGUAGE_STANDARD = gnu11;
				GCC_DYNAMIC_NO_PIC = NO;
				GCC_NO_COMMON_BLOCKS = YES;
				GCC_OPTIMIZATION_LEVEL = 0;
				GCC_PREPROCESSOR_DEFINITIONS = (
					"DEBUG=1",
					"$(inherited)",
				);
				GCC_WARN_64_TO_32_BIT_CONVERSION = YES;
				GCC_WARN_ABOUT_RETURN_TYPE = YES_ERROR;
				GCC_WARN_UNDECLARED_SELECTOR = YES;
				GCC_WARN_UNINITIALIZED_AUTOS = YES_AGGRESSIVE;
				GCC_WARN_UNUSED_FUNCTION = YES;
				GCC_WARN_UNUSED_VARIABLE = YES;
				IPHONEOS_DEPLOYMENT_TARGET = 15.5;
				MTL_ENABLE_DEBUG_INFO = INCLUDE_SOURCE;
				MTL_FAST_MATH = YES;
				ONLY_ACTIVE_ARCH = YES;
				SDKROOT = iphoneos;
				SWIFT_ACTIVE_COMPILATION_CONDITIONS = DEBUG;
				SWIFT_OPTIMIZATION_LEVEL = "-Onone";
			};
			name = Debug;
		};
		BEA984E228AC009B00631174 /* Release */ = {
			isa = XCBuildConfiguration;
			buildSettings = {
				ALWAYS_SEARCH_USER_PATHS = NO;
				CLANG_ANALYZER_LOCALIZABILITY_NONLOCALIZED = YES;
				CLANG_ANALYZER_NONNULL = YES;
				CLANG_ANALYZER_NUMBER_OBJECT_CONVERSION = YES_AGGRESSIVE;
				CLANG_CXX_LANGUAGE_STANDARD = "gnu++17";
				CLANG_ENABLE_MODULES = YES;
				CLANG_ENABLE_OBJC_ARC = YES;
				CLANG_ENABLE_OBJC_WEAK = YES;
				CLANG_WARN_BLOCK_CAPTURE_AUTORELEASING = YES;
				CLANG_WARN_BOOL_CONVERSION = YES;
				CLANG_WARN_COMMA = YES;
				CLANG_WARN_CONSTANT_CONVERSION = YES;
				CLANG_WARN_DEPRECATED_OBJC_IMPLEMENTATIONS = YES;
				CLANG_WARN_DIRECT_OBJC_ISA_USAGE = YES_ERROR;
				CLANG_WARN_DOCUMENTATION_COMMENTS = YES;
				CLANG_WARN_EMPTY_BODY = YES;
				CLANG_WARN_ENUM_CONVERSION = YES;
				CLANG_WARN_INFINITE_RECURSION = YES;
				CLANG_WARN_INT_CONVERSION = YES;
				CLANG_WARN_NON_LITERAL_NULL_CONVERSION = YES;
				CLANG_WARN_OBJC_IMPLICIT_RETAIN_SELF = YES;
				CLANG_WARN_OBJC_LITERAL_CONVERSION = YES;
				CLANG_WARN_OBJC_ROOT_CLASS = YES_ERROR;
				CLANG_WARN_QUOTED_INCLUDE_IN_FRAMEWORK_HEADER = YES;
				CLANG_WARN_RANGE_LOOP_ANALYSIS = YES;
				CLANG_WARN_STRICT_PROTOTYPES = YES;
				CLANG_WARN_SUSPICIOUS_MOVE = YES;
				CLANG_WARN_UNGUARDED_AVAILABILITY = YES_AGGRESSIVE;
				CLANG_WARN_UNREACHABLE_CODE = YES;
				CLANG_WARN__DUPLICATE_METHOD_MATCH = YES;
				COPY_PHASE_STRIP = NO;
				DEBUG_INFORMATION_FORMAT = "dwarf-with-dsym";
				ENABLE_NS_ASSERTIONS = NO;
				ENABLE_STRICT_OBJC_MSGSEND = YES;
				GCC_C_LANGUAGE_STANDARD = gnu11;
				GCC_NO_COMMON_BLOCKS = YES;
				GCC_WARN_64_TO_32_BIT_CONVERSION = YES;
				GCC_WARN_ABOUT_RETURN_TYPE = YES_ERROR;
				GCC_WARN_UNDECLARED_SELECTOR = YES;
				GCC_WARN_UNINITIALIZED_AUTOS = YES_AGGRESSIVE;
				GCC_WARN_UNUSED_FUNCTION = YES;
				GCC_WARN_UNUSED_VARIABLE = YES;
				IPHONEOS_DEPLOYMENT_TARGET = 15.5;
				MTL_ENABLE_DEBUG_INFO = NO;
				MTL_FAST_MATH = YES;
				SDKROOT = iphoneos;
				SWIFT_COMPILATION_MODE = wholemodule;
				SWIFT_OPTIMIZATION_LEVEL = "-O";
				VALIDATE_PRODUCT = YES;
			};
			name = Release;
		};
		BEA984E428AC009B00631174 /* Debug */ = {
			isa = XCBuildConfiguration;
			buildSettings = {
				ASSETCATALOG_COMPILER_APPICON_NAME = AppIcon;
				ASSETCATALOG_COMPILER_GLOBAL_ACCENT_COLOR_NAME = AccentColor;
				CODE_SIGN_STYLE = Automatic;
				CURRENT_PROJECT_VERSION = 1;
				GENERATE_INFOPLIST_FILE = YES;
				INFOPLIST_FILE = Jep/Info.plist;
				INFOPLIST_KEY_UIApplicationSupportsIndirectInputEvents = YES;
				INFOPLIST_KEY_UILaunchStoryboardName = LaunchScreen;
				INFOPLIST_KEY_UIMainStoryboardFile = Main;
				INFOPLIST_KEY_UISupportedInterfaceOrientations_iPad = "UIInterfaceOrientationPortrait UIInterfaceOrientationPortraitUpsideDown UIInterfaceOrientationLandscapeLeft UIInterfaceOrientationLandscapeRight";
				INFOPLIST_KEY_UISupportedInterfaceOrientations_iPhone = "UIInterfaceOrientationPortrait UIInterfaceOrientationLandscapeLeft UIInterfaceOrientationLandscapeRight";
				LD_RUNPATH_SEARCH_PATHS = (
					"$(inherited)",
					"@executable_path/Frameworks",
				);
				MARKETING_VERSION = 1.0;
				PRODUCT_BUNDLE_IDENTIFIER = AnantSingh.Jep;
				PRODUCT_NAME = "$(TARGET_NAME)";
				SWIFT_EMIT_LOC_STRINGS = YES;
				SWIFT_VERSION = 5.0;
				TARGETED_DEVICE_FAMILY = "1,2";
			};
			name = Debug;
		};
		BEA984E528AC009B00631174 /* Release */ = {
			isa = XCBuildConfiguration;
			buildSettings = {
				ASSETCATALOG_COMPILER_APPICON_NAME = AppIcon;
				ASSETCATALOG_COMPILER_GLOBAL_ACCENT_COLOR_NAME = AccentColor;
				CODE_SIGN_STYLE = Automatic;
				CURRENT_PROJECT_VERSION = 1;
				GENERATE_INFOPLIST_FILE = YES;
				INFOPLIST_FILE = Jep/Info.plist;
				INFOPLIST_KEY_UIApplicationSupportsIndirectInputEvents = YES;
				INFOPLIST_KEY_UILaunchStoryboardName = LaunchScreen;
				INFOPLIST_KEY_UIMainStoryboardFile = Main;
				INFOPLIST_KEY_UISupportedInterfaceOrientations_iPad = "UIInterfaceOrientationPortrait UIInterfaceOrientationPortraitUpsideDown UIInterfaceOrientationLandscapeLeft UIInterfaceOrientationLandscapeRight";
				INFOPLIST_KEY_UISupportedInterfaceOrientations_iPhone = "UIInterfaceOrientationPortrait UIInterfaceOrientationLandscapeLeft UIInterfaceOrientationLandscapeRight";
				LD_RUNPATH_SEARCH_PATHS = (
					"$(inherited)",
					"@executable_path/Frameworks",
				);
				MARKETING_VERSION = 1.0;
				PRODUCT_BUNDLE_IDENTIFIER = AnantSingh.Jep;
				PRODUCT_NAME = "$(TARGET_NAME)";
				SWIFT_EMIT_LOC_STRINGS = YES;
				SWIFT_VERSION = 5.0;
				TARGETED_DEVICE_FAMILY = "1,2";
			};
			name = Release;
		};
/* End XCBuildConfiguration section */

/* Begin XCConfigurationList section */
		BEA984C728AC009B00631174 /* Build configuration list for PBXProject "Jep" */ = {
			isa = XCConfigurationList;
			buildConfigurations = (
				BEA984E128AC009B00631174 /* Debug */,
				BEA984E228AC009B00631174 /* Release */,
			);
			defaultConfigurationIsVisible = 0;
			defaultConfigurationName = Release;
		};
		BEA984E328AC009B00631174 /* Build configuration list for PBXNativeTarget "Jep" */ = {
			isa = XCConfigurationList;
			buildConfigurations = (
				BEA984E428AC009B00631174 /* Debug */,
				BEA984E528AC009B00631174 /* Release */,
			);
			defaultConfigurationIsVisible = 0;
			defaultConfigurationName = Release;
		};
/* End XCConfigurationList section */

/* Begin XCVersionGroup section */
		BEA984D828AC009B00631174 /* Jep.xcdatamodeld */ = {
			isa = XCVersionGroup;
			children = (
				BEA984D928AC009B00631174 /* Jep.xcdatamodel */,
			);
			currentVersion = BEA984D928AC009B00631174 /* Jep.xcdatamodel */;
			path = Jep.xcdatamodeld;
			sourceTree = "<group>";
			versionGroupType = wrapper.xcdatamodel;
		};
/* End XCVersionGroup section */
	};
	rootObject = BEA984C428AC009B00631174 /* Project object */;
}
